
Microsoft Visual Studio Solution File, Format Version 12.00
# Visual Studio Version 17
VisualStudioVersion = 17.7.34031.279
MinimumVisualStudioVersion = 10.0.40219.1
Project("{FAE04EC0-301F-11D3-BF4B-00C04F79EFBC}") = "KursovProect", "KursovProect\KursovProect.csproj", "{B15A6E69-2588-432D-95DA-6A380C01CB9D}"
EndProject
Global
	GlobalSection(SolutionConfigurationPlatforms) = preSolution
		Debug|Any CPU = Debug|Any CPU
		Release|Any CPU = Release|Any CPU
	EndGlobalSection
	GlobalSection(ProjectConfigurationPlatforms) = postSolution
		{B15A6E69-2588-432D-95DA-6A380C01CB9D}.Debug|Any CPU.ActiveCfg = Debug|Any CPU
		{B15A6E69-2588-432D-95DA-6A380C01CB9D}.Debug|Any CPU.Build.0 = Debug|Any CPU
		{B15A6E69-2588-432D-95DA-6A380C01CB9D}.Release|Any CPU.ActiveCfg = Release|Any CPU
		{B15A6E69-2588-432D-95DA-6A380C01CB9D}.Release|Any CPU.Build.0 = Release|Any CPU
	EndGlobalSection
	GlobalSection(SolutionProperties) = preSolution
		HideSolutionNode = FALSE
	EndGlobalSection
	GlobalSection(ExtensibilityGlobals) = postSolution
		SolutionGuid = {5FD1841C-801C-47CE-BEE9-291F0AEF4F96}
	EndGlobalSection
EndGlobal
